
Microsoft Visual Studio Solution File, Format Version 12.00
# Visual Studio 15
Project("{FAE04EC0-301F-11D3-BF4B-00C04F79EFBC}") = "EXamGame_TD", "Assembly-CSharp.csproj", "{0DF77702-33A5-4F31-4904-2AA6CA6EE341}"
EndProject
Project("{FAE04EC0-301F-11D3-BF4B-00C04F79EFBC}") = "EXamGame_TD", "Assembly-CSharp-Editor.csproj", "{F435C4E5-0038-C3EE-0F2F-DA017969784A}"
EndProject
Global
	GlobalSection(SolutionConfigurationPlatforms) = preSolution
		Debug|Any CPU = Debug|Any CPU
		Release|Any CPU = Release|Any CPU
	EndGlobalSection
	GlobalSection(ProjectConfigurationPlatforms) = postSolution
		{0DF77702-33A5-4F31-4904-2AA6CA6EE341}.Debug|Any CPU.ActiveCfg = Debug|Any CPU
		{0DF77702-33A5-4F31-4904-2AA6CA6EE341}.Debug|Any CPU.Build.0 = Debug|Any CPU
		{0DF77702-33A5-4F31-4904-2AA6CA6EE341}.Release|Any CPU.ActiveCfg = Release|Any CPU
		{0DF77702-33A5-4F31-4904-2AA6CA6EE341}.Release|Any CPU.Build.0 = Release|Any CPU
		{F435C4E5-0038-C3EE-0F2F-DA017969784A}.Debug|Any CPU.ActiveCfg = Debug|Any CPU
		{F435C4E5-0038-C3EE-0F2F-DA017969784A}.Debug|Any CPU.Build.0 = Debug|Any CPU
		{F435C4E5-0038-C3EE-0F2F-DA017969784A}.Release|Any CPU.ActiveCfg = Release|Any CPU
		{F435C4E5-0038-C3EE-0F2F-DA017969784A}.Release|Any CPU.Build.0 = Release|Any CPU
	EndGlobalSection
	GlobalSection(SolutionProperties) = preSolution
		HideSolutionNode = FALSE
	EndGlobalSection
EndGlobal
